
Microsoft Visual Studio Solution File, Format Version 12.00
# Visual Studio Version 16
VisualStudioVersion = 16.0.32901.82
MinimumVisualStudioVersion = 10.0.40219.1
Project("{FAE04EC0-301F-11D3-BF4B-00C04F79EFBC}") = "CityBase", "CityBase\CityBase.csproj", "{2542C7F8-6D83-4B61-8690-36313AFA3E12}"
EndProject
Global
	GlobalSection(SolutionConfigurationPlatforms) = preSolution
		Debug|Any CPU = Debug|Any CPU
		Release|Any CPU = Release|Any CPU
	EndGlobalSection
	GlobalSection(ProjectConfigurationPlatforms) = postSolution
		{2542C7F8-6D83-4B61-8690-36313AFA3E12}.Debug|Any CPU.ActiveCfg = Debug|Any CPU
		{2542C7F8-6D83-4B61-8690-36313AFA3E12}.Debug|Any CPU.Build.0 = Debug|Any CPU
		{2542C7F8-6D83-4B61-8690-36313AFA3E12}.Release|Any CPU.ActiveCfg = Release|Any CPU
		{2542C7F8-6D83-4B61-8690-36313AFA3E12}.Release|Any CPU.Build.0 = Release|Any CPU
	EndGlobalSection
	GlobalSection(SolutionProperties) = preSolution
		HideSolutionNode = FALSE
	EndGlobalSection
	GlobalSection(ExtensibilityGlobals) = postSolution
		SolutionGuid = {EE11068B-DF69-4DF7-AD50-A03C08376109}
	EndGlobalSection
EndGlobal
