
Microsoft Visual Studio Solution File, Format Version 12.00
# Visual Studio Version 16
VisualStudioVersion = 16.0.32901.82
MinimumVisualStudioVersion = 10.0.40219.1
Project("{FAE04EC0-301F-11D3-BF4B-00C04F79EFBC}") = "DataTypesHomework", "Homework1\DataTypesHomework.csproj", "{5D4F95CD-1315-457F-9AD8-444E230E629D}"
EndProject
Global
	GlobalSection(SolutionConfigurationPlatforms) = preSolution
		Debug|Any CPU = Debug|Any CPU
		Release|Any CPU = Release|Any CPU
	EndGlobalSection
	GlobalSection(ProjectConfigurationPlatforms) = postSolution
		{5D4F95CD-1315-457F-9AD8-444E230E629D}.Debug|Any CPU.ActiveCfg = Debug|Any CPU
		{5D4F95CD-1315-457F-9AD8-444E230E629D}.Debug|Any CPU.Build.0 = Debug|Any CPU
		{5D4F95CD-1315-457F-9AD8-444E230E629D}.Release|Any CPU.ActiveCfg = Release|Any CPU
		{5D4F95CD-1315-457F-9AD8-444E230E629D}.Release|Any CPU.Build.0 = Release|Any CPU
	EndGlobalSection
	GlobalSection(SolutionProperties) = preSolution
		HideSolutionNode = FALSE
	EndGlobalSection
	GlobalSection(ExtensibilityGlobals) = postSolution
		SolutionGuid = {26FFE48F-6ECB-447D-B2C4-1342D48F5403}
	EndGlobalSection
EndGlobal
