
Microsoft Visual Studio Solution File, Format Version 12.00
# Visual Studio Version 16
VisualStudioVersion = 16.0.32901.82
MinimumVisualStudioVersion = 10.0.40219.1
Project("{FAE04EC0-301F-11D3-BF4B-00C04F79EFBC}") = "UserInteraction", "UserInteraction.csproj", "{DCBBA875-EB99-4BCD-94CF-34102F9837EA}"
EndProject
Global
	GlobalSection(SolutionConfigurationPlatforms) = preSolution
		Debug|Any CPU = Debug|Any CPU
		Release|Any CPU = Release|Any CPU
	EndGlobalSection
	GlobalSection(ProjectConfigurationPlatforms) = postSolution
		{DCBBA875-EB99-4BCD-94CF-34102F9837EA}.Debug|Any CPU.ActiveCfg = Debug|Any CPU
		{DCBBA875-EB99-4BCD-94CF-34102F9837EA}.Debug|Any CPU.Build.0 = Debug|Any CPU
		{DCBBA875-EB99-4BCD-94CF-34102F9837EA}.Release|Any CPU.ActiveCfg = Release|Any CPU
		{DCBBA875-EB99-4BCD-94CF-34102F9837EA}.Release|Any CPU.Build.0 = Release|Any CPU
	EndGlobalSection
	GlobalSection(SolutionProperties) = preSolution
		HideSolutionNode = FALSE
	EndGlobalSection
	GlobalSection(ExtensibilityGlobals) = postSolution
		SolutionGuid = {36F9C986-346A-4BBD-A66D-5D10C69BF73F}
	EndGlobalSection
EndGlobal
